// !$*UTF8*$!
{
	archiveVersion = 1;
	classes = {
	};
	objectVersion = 56;
	objects = {

/* Begin PBXBuildFile section */
		65432E5B2BB7DB870014C856 /* NavStackReproductionApp.swift in Sources */ = {isa = PBXBuildFile; fileRef = 65432E5A2BB7DB870014C856 /* NavStackReproductionApp.swift */; };
		65432E5D2BB7DB870014C856 /* ContentView.swift in Sources */ = {isa = PBXBuildFile; fileRef = 65432E5C2BB7DB870014C856 /* ContentView.swift */; };
		65432E5F2BB7DB890014C856 /* Assets.xcassets in Resources */ = {isa = PBXBuildFile; fileRef = 65432E5E2BB7DB890014C856 /* Assets.xcassets */; };
		65432E632BB7DB890014C856 /* Preview Assets.xcassets in Resources */ = {isa = PBXBuildFile; fileRef = 65432E622BB7DB890014C856 /* Preview Assets.xcassets */; };
		65432E6D2BB7DB890014C856 /* NavStackReproductionTests.swift in Sources */ = {isa = PBXBuildFile; fileRef = 65432E6C2BB7DB890014C856 /* NavStackReproductionTests.swift */; };
		65432E772BB7DB890014C856 /* NavStackReproductionUITests.swift in Sources */ = {isa = PBXBuildFile; fileRef = 65432E762BB7DB890014C856 /* NavStackReproductionUITests.swift */; };
		65432E792BB7DB890014C856 /* NavStackReproductionUITestsLaunchTests.swift in Sources */ = {isa = PBXBuildFile; fileRef = 65432E782BB7DB890014C856 /* NavStackReproductionUITestsLaunchTests.swift */; };
		65432E862BB7DBA60014C856 /* RootView.swift in Sources */ = {isa = PBXBuildFile; fileRef = 65432E852BB7DBA60014C856 /* RootView.swift */; };
		6591ECB42BB7DC0B002F3603 /* ComposableArchitecture in Frameworks */ = {isa = PBXBuildFile; productRef = 6591ECB32BB7DC0B002F3603 /* ComposableArchitecture */; };
		6591ECB62BB7DC33002F3603 /* MainFeatureView.swift in Sources */ = {isa = PBXBuildFile; fileRef = 6591ECB52BB7DC33002F3603 /* MainFeatureView.swift */; };
		6591ECB82BB8DC63002F3603 /* FeatureBView.swift in Sources */ = {isa = PBXBuildFile; fileRef = 6591ECB72BB8DC63002F3603 /* FeatureBView.swift */; };
/* End PBXBuildFile section */

/* Begin PBXContainerItemProxy section */
		65432E692BB7DB890014C856 /* PBXContainerItemProxy */ = {
			isa = PBXContainerItemProxy;
			containerPortal = 65432E4F2BB7DB870014C856 /* Project object */;
			proxyType = 1;
			remoteGlobalIDString = 65432E562BB7DB870014C856;
			remoteInfo = NavStackReproduction;
		};
		65432E732BB7DB890014C856 /* PBXContainerItemProxy */ = {
			isa = PBXContainerItemProxy;
			containerPortal = 65432E4F2BB7DB870014C856 /* Project object */;
			proxyType = 1;
			remoteGlobalIDString = 65432E562BB7DB870014C856;
			remoteInfo = NavStackReproduction;
		};
/* End PBXContainerItemProxy section */

/* Begin PBXFileReference section */
		65432E572BB7DB870014C856 /* NavStackReproduction.app */ = {isa = PBXFileReference; explicitFileType = wrapper.application; includeInIndex = 0; path = NavStackReproduction.app; sourceTree = BUILT_PRODUCTS_DIR; };
		65432E5A2BB7DB870014C856 /* NavStackReproductionApp.swift */ = {isa = PBXFileReference; lastKnownFileType = sourcecode.swift; path = NavStackReproductionApp.swift; sourceTree = "<group>"; };
		65432E5C2BB7DB870014C856 /* ContentView.swift */ = {isa = PBXFileReference; lastKnownFileType = sourcecode.swift; path = ContentView.swift; sourceTree = "<group>"; };
		65432E5E2BB7DB890014C856 /* Assets.xcassets */ = {isa = PBXFileReference; lastKnownFileType = folder.assetcatalog; path = Assets.xcassets; sourceTree = "<group>"; };
		65432E602BB7DB890014C856 /* NavStackReproduction.entitlements */ = {isa = PBXFileReference; lastKnownFileType = text.plist.entitlements; path = NavStackReproduction.entitlements; sourceTree = "<group>"; };
		65432E622BB7DB890014C856 /* Preview Assets.xcassets */ = {isa = PBXFileReference; lastKnownFileType = folder.assetcatalog; path = "Preview Assets.xcassets"; sourceTree = "<group>"; };
		65432E682BB7DB890014C856 /* NavStackReproductionTests.xctest */ = {isa = PBXFileReference; explicitFileType = wrapper.cfbundle; includeInIndex = 0; path = NavStackReproductionTests.xctest; sourceTree = BUILT_PRODUCTS_DIR; };
		65432E6C2BB7DB890014C856 /* NavStackReproductionTests.swift */ = {isa = PBXFileReference; lastKnownFileType = sourcecode.swift; path = NavStackReproductionTests.swift; sourceTree = "<group>"; };
		65432E722BB7DB890014C856 /* NavStackReproductionUITests.xctest */ = {isa = PBXFileReference; explicitFileType = wrapper.cfbundle; includeInIndex = 0; path = NavStackReproductionUITests.xctest; sourceTree = BUILT_PRODUCTS_DIR; };
		65432E762BB7DB890014C856 /* NavStackReproductionUITests.swift */ = {isa = PBXFileReference; lastKnownFileType = sourcecode.swift; path = NavStackReproductionUITests.swift; sourceTree = "<group>"; };
		65432E782BB7DB890014C856 /* NavStackReproductionUITestsLaunchTests.swift */ = {isa = PBXFileReference; lastKnownFileType = sourcecode.swift; path = NavStackReproductionUITestsLaunchTests.swift; sourceTree = "<group>"; };
		65432E852BB7DBA60014C856 /* RootView.swift */ = {isa = PBXFileReference; lastKnownFileType = sourcecode.swift; path = RootView.swift; sourceTree = "<group>"; };
		6591ECB52BB7DC33002F3603 /* MainFeatureView.swift */ = {isa = PBXFileReference; lastKnownFileType = sourcecode.swift; path = MainFeatureView.swift; sourceTree = "<group>"; };
		6591ECB72BB8DC63002F3603 /* FeatureBView.swift */ = {isa = PBXFileReference; lastKnownFileType = sourcecode.swift; path = FeatureBView.swift; sourceTree = "<group>"; };
/* End PBXFileReference section */

/* Begin PBXFrameworksBuildPhase section */
		65432E542BB7DB870014C856 /* Frameworks */ = {
			isa = PBXFrameworksBuildPhase;
			buildActionMask = 2147483647;
			files = (
				6591ECB42BB7DC0B002F3603 /* ComposableArchitecture in Frameworks */,
			);
			runOnlyForDeploymentPostprocessing = 0;
		};
		65432E652BB7DB890014C856 /* Frameworks */ = {
			isa = PBXFrameworksBuildPhase;
			buildActionMask = 2147483647;
			files = (
			);
			runOnlyForDeploymentPostprocessing = 0;
		};
		65432E6F2BB7DB890014C856 /* Frameworks */ = {
			isa = PBXFrameworksBuildPhase;
			buildActionMask = 2147483647;
			files = (
			);
			runOnlyForDeploymentPostprocessing = 0;
		};
/* End PBXFrameworksBuildPhase section */

/* Begin PBXGroup section */
		65432E4E2BB7DB870014C856 = {
			isa = PBXGroup;
			children = (
				65432E592BB7DB870014C856 /* NavStackReproduction */,
				65432E6B2BB7DB890014C856 /* NavStackReproductionTests */,
				65432E752BB7DB890014C856 /* NavStackReproductionUITests */,
				65432E582BB7DB870014C856 /* Products */,
			);
			sourceTree = "<group>";
		};
		65432E582BB7DB870014C856 /* Products */ = {
			isa = PBXGroup;
			children = (
				65432E572BB7DB870014C856 /* NavStackReproduction.app */,
				65432E682BB7DB890014C856 /* NavStackReproductionTests.xctest */,
				65432E722BB7DB890014C856 /* NavStackReproductionUITests.xctest */,
			);
			name = Products;
			sourceTree = "<group>";
		};
		65432E592BB7DB870014C856 /* NavStackReproduction */ = {
			isa = PBXGroup;
			children = (
				65432E5A2BB7DB870014C856 /* NavStackReproductionApp.swift */,
				65432E5C2BB7DB870014C856 /* ContentView.swift */,
				65432E852BB7DBA60014C856 /* RootView.swift */,
				6591ECB52BB7DC33002F3603 /* MainFeatureView.swift */,
				65432E5E2BB7DB890014C856 /* Assets.xcassets */,
				65432E602BB7DB890014C856 /* NavStackReproduction.entitlements */,
				65432E612BB7DB890014C856 /* Preview Content */,
				6591ECB72BB8DC63002F3603 /* FeatureBView.swift */,
			);
			path = NavStackReproduction;
			sourceTree = "<group>";
		};
		65432E612BB7DB890014C856 /* Preview Content */ = {
			isa = PBXGroup;
			children = (
				65432E622BB7DB890014C856 /* Preview Assets.xcassets */,
			);
			path = "Preview Content";
			sourceTree = "<group>";
		};
		65432E6B2BB7DB890014C856 /* NavStackReproductionTests */ = {
			isa = PBXGroup;
			children = (
				65432E6C2BB7DB890014C856 /* NavStackReproductionTests.swift */,
			);
			path = NavStackReproductionTests;
			sourceTree = "<group>";
		};
		65432E752BB7DB890014C856 /* NavStackReproductionUITests */ = {
			isa = PBXGroup;
			children = (
				65432E762BB7DB890014C856 /* NavStackReproductionUITests.swift */,
				65432E782BB7DB890014C856 /* NavStackReproductionUITestsLaunchTests.swift */,
			);
			path = NavStackReproductionUITests;
			sourceTree = "<group>";
		};
/* End PBXGroup section */

/* Begin PBXNativeTarget section */
		65432E562BB7DB870014C856 /* NavStackReproduction */ = {
			isa = PBXNativeTarget;
			buildConfigurationList = 65432E7C2BB7DB890014C856 /* Build configuration list for PBXNativeTarget "NavStackReproduction" */;
			buildPhases = (
				65432E532BB7DB870014C856 /* Sources */,
				65432E542BB7DB870014C856 /* Frameworks */,
				65432E552BB7DB870014C856 /* Resources */,
			);
			buildRules = (
			);
			dependencies = (
			);
			name = NavStackReproduction;
			packageProductDependencies = (
				6591ECB32BB7DC0B002F3603 /* ComposableArchitecture */,
			);
			productName = NavStackReproduction;
			productReference = 65432E572BB7DB870014C856 /* NavStackReproduction.app */;
			productType = "com.apple.product-type.application";
		};
		65432E672BB7DB890014C856 /* NavStackReproductionTests */ = {
			isa = PBXNativeTarget;
			buildConfigurationList = 65432E7F2BB7DB890014C856 /* Build configuration list for PBXNativeTarget "NavStackReproductionTests" */;
			buildPhases = (
				65432E642BB7DB890014C856 /* Sources */,
				65432E652BB7DB890014C856 /* Frameworks */,
				65432E662BB7DB890014C856 /* Resources */,
			);
			buildRules = (
			);
			dependencies = (
				65432E6A2BB7DB890014C856 /* PBXTargetDependency */,
			);
			name = NavStackReproductionTests;
			productName = NavStackReproductionTests;
			productReference = 65432E682BB7DB890014C856 /* NavStackReproductionTests.xctest */;
			productType = "com.apple.product-type.bundle.unit-test";
		};
		65432E712BB7DB890014C856 /* NavStackReproductionUITests */ = {
			isa = PBXNativeTarget;
			buildConfigurationList = 65432E822BB7DB890014C856 /* Build configuration list for PBXNativeTarget "NavStackReproductionUITests" */;
			buildPhases = (
				65432E6E2BB7DB890014C856 /* Sources */,
				65432E6F2BB7DB890014C856 /* Frameworks */,
				65432E702BB7DB890014C856 /* Resources */,
			);
			buildRules = (
			);
			dependencies = (
				65432E742BB7DB890014C856 /* PBXTargetDependency */,
			);
			name = NavStackReproductionUITests;
			productName = NavStackReproductionUITests;
			productReference = 65432E722BB7DB890014C856 /* NavStackReproductionUITests.xctest */;
			productType = "com.apple.product-type.bundle.ui-testing";
		};
/* End PBXNativeTarget section */

/* Begin PBXProject section */
		65432E4F2BB7DB870014C856 /* Project object */ = {
			isa = PBXProject;
			attributes = {
				BuildIndependentTargetsInParallel = 1;
				LastSwiftUpdateCheck = 1500;
				LastUpgradeCheck = 1500;
				TargetAttributes = {
					65432E562BB7DB870014C856 = {
						CreatedOnToolsVersion = 15.0;
					};
					65432E672BB7DB890014C856 = {
						CreatedOnToolsVersion = 15.0;
						TestTargetID = 65432E562BB7DB870014C856;
					};
					65432E712BB7DB890014C856 = {
						CreatedOnToolsVersion = 15.0;
						TestTargetID = 65432E562BB7DB870014C856;
					};
				};
			};
			buildConfigurationList = 65432E522BB7DB870014C856 /* Build configuration list for PBXProject "NavStackReproduction" */;
			compatibilityVersion = "Xcode 14.0";
			developmentRegion = en;
			hasScannedForEncodings = 0;
			knownRegions = (
				en,
				Base,
			);
			mainGroup = 65432E4E2BB7DB870014C856;
			packageReferences = (
				6591ECB22BB7DC0B002F3603 /* XCRemoteSwiftPackageReference "swift-composable-architecture" */,
			);
			productRefGroup = 65432E582BB7DB870014C856 /* Products */;
			projectDirPath = "";
			projectRoot = "";
			targets = (
				65432E562BB7DB870014C856 /* NavStackReproduction */,
				65432E672BB7DB890014C856 /* NavStackReproductionTests */,
				65432E712BB7DB890014C856 /* NavStackReproductionUITests */,
			);
		};
/* End PBXProject section */

/* Begin PBXResourcesBuildPhase section */
		65432E552BB7DB870014C856 /* Resources */ = {
			isa = PBXResourcesBuildPhase;
			buildActionMask = 2147483647;
			files = (
				65432E632BB7DB890014C856 /* Preview Assets.xcassets in Resources */,
				65432E5F2BB7DB890014C856 /* Assets.xcassets in Resources */,
			);
			runOnlyForDeploymentPostprocessing = 0;
		};
		65432E662BB7DB890014C856 /* Resources */ = {
			isa = PBXResourcesBuildPhase;
			buildActionMask = 2147483647;
			files = (
			);
			runOnlyForDeploymentPostprocessing = 0;
		};
		65432E702BB7DB890014C856 /* Resources */ = {
			isa = PBXResourcesBuildPhase;
			buildActionMask = 2147483647;
			files = (
			);
			runOnlyForDeploymentPostprocessing = 0;
		};
/* End PBXResourcesBuildPhase section */

/* Begin PBXSourcesBuildPhase section */
		65432E532BB7DB870014C856 /* Sources */ = {
			isa = PBXSourcesBuildPhase;
			buildActionMask = 2147483647;
			files = (
				65432E5D2BB7DB870014C856 /* ContentView.swift in Sources */,
				65432E5B2BB7DB870014C856 /* NavStackReproductionApp.swift in Sources */,
				65432E862BB7DBA60014C856 /* RootView.swift in Sources */,
				6591ECB82BB8DC63002F3603 /* FeatureBView.swift in Sources */,
				6591ECB62BB7DC33002F3603 /* MainFeatureView.swift in Sources */,
			);
			runOnlyForDeploymentPostprocessing = 0;
		};
		65432E642BB7DB890014C856 /* Sources */ = {
			isa = PBXSourcesBuildPhase;
			buildActionMask = 2147483647;
			files = (
				65432E6D2BB7DB890014C856 /* NavStackReproductionTests.swift in Sources */,
			);
			runOnlyForDeploymentPostprocessing = 0;
		};
		65432E6E2BB7DB890014C856 /* Sources */ = {
			isa = PBXSourcesBuildPhase;
			buildActionMask = 2147483647;
			files = (
				65432E772BB7DB890014C856 /* NavStackReproductionUITests.swift in Sources */,
				65432E792BB7DB890014C856 /* NavStackReproductionUITestsLaunchTests.swift in Sources */,
			);
			runOnlyForDeploymentPostprocessing = 0;
		};
/* End PBXSourcesBuildPhase section */

/* Begin PBXTargetDependency section */
		65432E6A2BB7DB890014C856 /* PBXTargetDependency */ = {
			isa = PBXTargetDependency;
			target = 65432E562BB7DB870014C856 /* NavStackReproduction */;
			targetProxy = 65432E692BB7DB890014C856 /* PBXContainerItemProxy */;
		};
		65432E742BB7DB890014C856 /* PBXTargetDependency */ = {
			isa = PBXTargetDependency;
			target = 65432E562BB7DB870014C856 /* NavStackReproduction */;
			targetProxy = 65432E732BB7DB890014C856 /* PBXContainerItemProxy */;
		};
/* End PBXTargetDependency section */

/* Begin XCBuildConfiguration section */
		65432E7A2BB7DB890014C856 /* Debug */ = {
			isa = XCBuildConfiguration;
			buildSettings = {
				ALWAYS_SEARCH_USER_PATHS = NO;
				ASSETCATALOG_COMPILER_GENERATE_SWIFT_ASSET_SYMBOL_EXTENSIONS = YES;
				CLANG_ANALYZER_NONNULL = YES;
				CLANG_ANALYZER_NUMBER_OBJECT_CONVERSION = YES_AGGRESSIVE;
				CLANG_CXX_LANGUAGE_STANDARD = "gnu++20";
				CLANG_ENABLE_MODULES = YES;
				CLANG_ENABLE_OBJC_ARC = YES;
				CLANG_ENABLE_OBJC_WEAK = YES;
				CLANG_WARN_BLOCK_CAPTURE_AUTORELEASING = YES;
				CLANG_WARN_BOOL_CONVERSION = YES;
				CLANG_WARN_COMMA = YES;
				CLANG_WARN_CONSTANT_CONVERSION = YES;
				CLANG_WARN_DEPRECATED_OBJC_IMPLEMENTATIONS = YES;
				CLANG_WARN_DIRECT_OBJC_ISA_USAGE = YES_ERROR;
				CLANG_WARN_DOCUMENTATION_COMMENTS = YES;
				CLANG_WARN_EMPTY_BODY = YES;
				CLANG_WARN_ENUM_CONVERSION = YES;
				CLANG_WARN_INFINITE_RECURSION = YES;
				CLANG_WARN_INT_CONVERSION = YES;
				CLANG_WARN_NON_LITERAL_NULL_CONVERSION = YES;
				CLANG_WARN_OBJC_IMPLICIT_RETAIN_SELF = YES;
				CLANG_WARN_OBJC_LITERAL_CONVERSION = YES;
				CLANG_WARN_OBJC_ROOT_CLASS = YES_ERROR;
				CLANG_WARN_QUOTED_INCLUDE_IN_FRAMEWORK_HEADER = YES;
				CLANG_WARN_RANGE_LOOP_ANALYSIS = YES;
				CLANG_WARN_STRICT_PROTOTYPES = YES;
				CLANG_WARN_SUSPICIOUS_MOVE = YES;
				CLANG_WARN_UNGUARDED_AVAILABILITY = YES_AGGRESSIVE;
				CLANG_WARN_UNREACHABLE_CODE = YES;
				CLANG_WARN__DUPLICATE_METHOD_MATCH = YES;
				COPY_PHASE_STRIP = NO;
				DEBUG_INFORMATION_FORMAT = dwarf;
				ENABLE_STRICT_OBJC_MSGSEND = YES;
				ENABLE_TESTABILITY = YES;
				ENABLE_USER_SCRIPT_SANDBOXING = YES;
				GCC_C_LANGUAGE_STANDARD = gnu17;
				GCC_DYNAMIC_NO_PIC = NO;
				GCC_NO_COMMON_BLOCKS = YES;
				GCC_OPTIMIZATION_LEVEL = 0;
				GCC_PREPROCESSOR_DEFINITIONS = (
					"DEBUG=1",
					"$(inherited)",
				);
				GCC_WARN_64_TO_32_BIT_CONVERSION = YES;
				GCC_WARN_ABOUT_RETURN_TYPE = YES_ERROR;
				GCC_WARN_UNDECLARED_SELECTOR = YES;
				GCC_WARN_UNINITIALIZED_AUTOS = YES_AGGRESSIVE;
				GCC_WARN_UNUSED_FUNCTION = YES;
				GCC_WARN_UNUSED_VARIABLE = YES;
				LOCALIZATION_PREFERS_STRING_CATALOGS = YES;
				MTL_ENABLE_DEBUG_INFO = INCLUDE_SOURCE;
				MTL_FAST_MATH = YES;
				ONLY_ACTIVE_ARCH = YES;
				SWIFT_ACTIVE_COMPILATION_CONDITIONS = "DEBUG $(inherited)";
				SWIFT_OPTIMIZATION_LEVEL = "-Onone";
			};
			name = Debug;
		};
		65432E7B2BB7DB890014C856 /* Release */ = {
			isa = XCBuildConfiguration;
			buildSettings = {
				ALWAYS_SEARCH_USER_PATHS = NO;
				ASSETCATALOG_COMPILER_GENERATE_SWIFT_ASSET_SYMBOL_EXTENSIONS = YES;
				CLANG_ANALYZER_NONNULL = YES;
				CLANG_ANALYZER_NUMBER_OBJECT_CONVERSION = YES_AGGRESSIVE;
				CLANG_CXX_LANGUAGE_STANDARD = "gnu++20";
				CLANG_ENABLE_MODULES = YES;
				CLANG_ENABLE_OBJC_ARC = YES;
				CLANG_ENABLE_OBJC_WEAK = YES;
				CLANG_WARN_BLOCK_CAPTURE_AUTORELEASING = YES;
				CLANG_WARN_BOOL_CONVERSION = YES;
				CLANG_WARN_COMMA = YES;
				CLANG_WARN_CONSTANT_CONVERSION = YES;
				CLANG_WARN_DEPRECATED_OBJC_IMPLEMENTATIONS = YES;
				CLANG_WARN_DIRECT_OBJC_ISA_USAGE = YES_ERROR;
				CLANG_WARN_DOCUMENTATION_COMMENTS = YES;
				CLANG_WARN_EMPTY_BODY = YES;
				CLANG_WARN_ENUM_CONVERSION = YES;
				CLANG_WARN_INFINITE_RECURSION = YES;
				CLANG_WARN_INT_CONVERSION = YES;
				CLANG_WARN_NON_LITERAL_NULL_CONVERSION = YES;
				CLANG_WARN_OBJC_IMPLICIT_RETAIN_SELF = YES;
				CLANG_WARN_OBJC_LITERAL_CONVERSION = YES;
				CLANG_WARN_OBJC_ROOT_CLASS = YES_ERROR;
				CLANG_WARN_QUOTED_INCLUDE_IN_FRAMEWORK_HEADER = YES;
				CLANG_WARN_RANGE_LOOP_ANALYSIS = YES;
				CLANG_WARN_STRICT_PROTOTYPES = YES;
				CLANG_WARN_SUSPICIOUS_MOVE = YES;
				CLANG_WARN_UNGUARDED_AVAILABILITY = YES_AGGRESSIVE;
				CLANG_WARN_UNREACHABLE_CODE = YES;
				CLANG_WARN__DUPLICATE_METHOD_MATCH = YES;
				COPY_PHASE_STRIP = NO;
				DEBUG_INFORMATION_FORMAT = "dwarf-with-dsym";
				ENABLE_NS_ASSERTIONS = NO;
				ENABLE_STRICT_OBJC_MSGSEND = YES;
				ENABLE_USER_SCRIPT_SANDBOXING = YES;
				GCC_C_LANGUAGE_STANDARD = gnu17;
				GCC_NO_COMMON_BLOCKS = YES;
				GCC_WARN_64_TO_32_BIT_CONVERSION = YES;
				GCC_WARN_ABOUT_RETURN_TYPE = YES_ERROR;
				GCC_WARN_UNDECLARED_SELECTOR = YES;
				GCC_WARN_UNINITIALIZED_AUTOS = YES_AGGRESSIVE;
				GCC_WARN_UNUSED_FUNCTION = YES;
				GCC_WARN_UNUSED_VARIABLE = YES;
				LOCALIZATION_PREFERS_STRING_CATALOGS = YES;
				MTL_ENABLE_DEBUG_INFO = NO;
				MTL_FAST_MATH = YES;
				SWIFT_COMPILATION_MODE = wholemodule;
			};
			name = Release;
		};
		65432E7D2BB7DB890014C856 /* Debug */ = {
			isa = XCBuildConfiguration;
			buildSettings = {
				ASSETCATALOG_COMPILER_APPICON_NAME = AppIcon;
				ASSETCATALOG_COMPILER_GLOBAL_ACCENT_COLOR_NAME = AccentColor;
				CODE_SIGN_ENTITLEMENTS = NavStackReproduction/NavStackReproduction.entitlements;
				CODE_SIGN_STYLE = Automatic;
				CURRENT_PROJECT_VERSION = 1;
				DEVELOPMENT_ASSET_PATHS = "\"NavStackReproduction/Preview Content\"";
				DEVELOPMENT_TEAM = ULTX435EY4;
				ENABLE_HARDENED_RUNTIME = YES;
				ENABLE_PREVIEWS = YES;
				GENERATE_INFOPLIST_FILE = YES;
				"INFOPLIST_KEY_UIApplicationSceneManifest_Generation[sdk=iphoneos*]" = YES;
				"INFOPLIST_KEY_UIApplicationSceneManifest_Generation[sdk=iphonesimulator*]" = YES;
				"INFOPLIST_KEY_UIApplicationSupportsIndirectInputEvents[sdk=iphoneos*]" = YES;
				"INFOPLIST_KEY_UIApplicationSupportsIndirectInputEvents[sdk=iphonesimulator*]" = YES;
				"INFOPLIST_KEY_UILaunchScreen_Generation[sdk=iphoneos*]" = YES;
				"INFOPLIST_KEY_UILaunchScreen_Generation[sdk=iphonesimulator*]" = YES;
				"INFOPLIST_KEY_UIStatusBarStyle[sdk=iphoneos*]" = UIStatusBarStyleDefault;
				"INFOPLIST_KEY_UIStatusBarStyle[sdk=iphonesimulator*]" = UIStatusBarStyleDefault;
				INFOPLIST_KEY_UISupportedInterfaceOrientations_iPad = "UIInterfaceOrientationPortrait UIInterfaceOrientationPortraitUpsideDown UIInterfaceOrientationLandscapeLeft UIInterfaceOrientationLandscapeRight";
				INFOPLIST_KEY_UISupportedInterfaceOrientations_iPhone = "UIInterfaceOrientationPortrait UIInterfaceOrientationLandscapeLeft UIInterfaceOrientationLandscapeRight";
				IPHONEOS_DEPLOYMENT_TARGET = 17.0;
				LD_RUNPATH_SEARCH_PATHS = "@executable_path/Frameworks";
				"LD_RUNPATH_SEARCH_PATHS[sdk=macosx*]" = "@executable_path/../Frameworks";
				MACOSX_DEPLOYMENT_TARGET = 13.6;
				MARKETING_VERSION = 1.0;
				PRODUCT_BUNDLE_IDENTIFIER = com.tca.repro.NavStackReproduction;
				PRODUCT_NAME = "$(TARGET_NAME)";
				SDKROOT = auto;
				SUPPORTED_PLATFORMS = "iphoneos iphonesimulator macosx";
				SWIFT_EMIT_LOC_STRINGS = YES;
				SWIFT_VERSION = 5.0;
				TARGETED_DEVICE_FAMILY = "1,2";
			};
			name = Debug;
		};
		65432E7E2BB7DB890014C856 /* Release */ = {
			isa = XCBuildConfiguration;
			buildSettings = {
				ASSETCATALOG_COMPILER_APPICON_NAME = AppIcon;
				ASSETCATALOG_COMPILER_GLOBAL_ACCENT_COLOR_NAME = AccentColor;
				CODE_SIGN_ENTITLEMENTS = NavStackReproduction/NavStackReproduction.entitlements;
				CODE_SIGN_STYLE = Automatic;
				CURRENT_PROJECT_VERSION = 1;
				DEVELOPMENT_ASSET_PATHS = "\"NavStackReproduction/Preview Content\"";
				DEVELOPMENT_TEAM = ULTX435EY4;
				ENABLE_HARDENED_RUNTIME = YES;
				ENABLE_PREVIEWS = YES;
				GENERATE_INFOPLIST_FILE = YES;
				"INFOPLIST_KEY_UIApplicationSceneManifest_Generation[sdk=iphoneos*]" = YES;
				"INFOPLIST_KEY_UIApplicationSceneManifest_Generation[sdk=iphonesimulator*]" = YES;
				"INFOPLIST_KEY_UIApplicationSupportsIndirectInputEvents[sdk=iphoneos*]" = YES;
				"INFOPLIST_KEY_UIApplicationSupportsIndirectInputEvents[sdk=iphonesimulator*]" = YES;
				"INFOPLIST_KEY_UILaunchScreen_Generation[sdk=iphoneos*]" = YES;
				"INFOPLIST_KEY_UILaunchScreen_Generation[sdk=iphonesimulator*]" = YES;
				"INFOPLIST_KEY_UIStatusBarStyle[sdk=iphoneos*]" = UIStatusBarStyleDefault;
				"INFOPLIST_KEY_UIStatusBarStyle[sdk=iphonesimulator*]" = UIStatusBarStyleDefault;
				INFOPLIST_KEY_UISupportedInterfaceOrientations_iPad = "UIInterfaceOrientationPortrait UIInterfaceOrientationPortraitUpsideDown UIInterfaceOrientationLandscapeLeft UIInterfaceOrientationLandscapeRight";
				INFOPLIST_KEY_UISupportedInterfaceOrientations_iPhone = "UIInterfaceOrientationPortrait UIInterfaceOrientationLandscapeLeft UIInterfaceOrientationLandscapeRight";
				IPHONEOS_DEPLOYMENT_TARGET = 17.0;
				LD_RUNPATH_SEARCH_PATHS = "@executable_path/Frameworks";
				"LD_RUNPATH_SEARCH_PATHS[sdk=macosx*]" = "@executable_path/../Frameworks";
				MACOSX_DEPLOYMENT_TARGET = 13.6;
				MARKETING_VERSION = 1.0;
				PRODUCT_BUNDLE_IDENTIFIER = com.tca.repro.NavStackReproduction;
				PRODUCT_NAME = "$(TARGET_NAME)";
				SDKROOT = auto;
				SUPPORTED_PLATFORMS = "iphoneos iphonesimulator macosx";
				SWIFT_EMIT_LOC_STRINGS = YES;
				SWIFT_VERSION = 5.0;
				TARGETED_DEVICE_FAMILY = "1,2";
			};
			name = Release;
		};
		65432E802BB7DB890014C856 /* Debug */ = {
			isa = XCBuildConfiguration;
			buildSettings = {
				ALWAYS_EMBED_SWIFT_STANDARD_LIBRARIES = YES;
				BUNDLE_LOADER = "$(TEST_HOST)";
				CODE_SIGN_STYLE = Automatic;
				CURRENT_PROJECT_VERSION = 1;
				DEVELOPMENT_TEAM = ULTX435EY4;
				GENERATE_INFOPLIST_FILE = YES;
				IPHONEOS_DEPLOYMENT_TARGET = 17.0;
				MACOSX_DEPLOYMENT_TARGET = 13.6;
				MARKETING_VERSION = 1.0;
				PRODUCT_BUNDLE_IDENTIFIER = com.tca.repro.NavStackReproductionTests;
				PRODUCT_NAME = "$(TARGET_NAME)";
				SDKROOT = auto;
				SUPPORTED_PLATFORMS = "iphoneos iphonesimulator macosx";
				SWIFT_EMIT_LOC_STRINGS = NO;
				SWIFT_VERSION = 5.0;
				TARGETED_DEVICE_FAMILY = "1,2";
				TEST_HOST = "$(BUILT_PRODUCTS_DIR)/NavStackReproduction.app/$(BUNDLE_EXECUTABLE_FOLDER_PATH)/NavStackReproduction";
			};
			name = Debug;
		};
		65432E812BB7DB890014C856 /* Release */ = {
			isa = XCBuildConfiguration;
			buildSettings = {
				ALWAYS_EMBED_SWIFT_STANDARD_LIBRARIES = YES;
				BUNDLE_LOADER = "$(TEST_HOST)";
				CODE_SIGN_STYLE = Automatic;
				CURRENT_PROJECT_VERSION = 1;
				DEVELOPMENT_TEAM = ULTX435EY4;
				GENERATE_INFOPLIST_FILE = YES;
				IPHONEOS_DEPLOYMENT_TARGET = 17.0;
				MACOSX_DEPLOYMENT_TARGET = 13.6;
				MARKETING_VERSION = 1.0;
				PRODUCT_BUNDLE_IDENTIFIER = com.tca.repro.NavStackReproductionTests;
				PRODUCT_NAME = "$(TARGET_NAME)";
				SDKROOT = auto;
				SUPPORTED_PLATFORMS = "iphoneos iphonesimulator macosx";
				SWIFT_EMIT_LOC_STRINGS = NO;
				SWIFT_VERSION = 5.0;
				TARGETED_DEVICE_FAMILY = "1,2";
				TEST_HOST = "$(BUILT_PRODUCTS_DIR)/NavStackReproduction.app/$(BUNDLE_EXECUTABLE_FOLDER_PATH)/NavStackReproduction";
			};
			name = Release;
		};
		65432E832BB7DB890014C856 /* Debug */ = {
			isa = XCBuildConfiguration;
			buildSettings = {
				ALWAYS_EMBED_SWIFT_STANDARD_LIBRARIES = YES;
				CODE_SIGN_STYLE = Automatic;
				CURRENT_PROJECT_VERSION = 1;
				DEVELOPMENT_TEAM = ULTX435EY4;
				GENERATE_INFOPLIST_FILE = YES;
				IPHONEOS_DEPLOYMENT_TARGET = 17.0;
				MACOSX_DEPLOYMENT_TARGET = 13.6;
				MARKETING_VERSION = 1.0;
				PRODUCT_BUNDLE_IDENTIFIER = com.tca.repro.NavStackReproductionUITests;
				PRODUCT_NAME = "$(TARGET_NAME)";
				SDKROOT = auto;
				SUPPORTED_PLATFORMS = "iphoneos iphonesimulator macosx";
				SWIFT_EMIT_LOC_STRINGS = NO;
				SWIFT_VERSION = 5.0;
				TARGETED_DEVICE_FAMILY = "1,2";
				TEST_TARGET_NAME = NavStackReproduction;
			};
			name = Debug;
		};
		65432E842BB7DB890014C856 /* Release */ = {
			isa = XCBuildConfiguration;
			buildSettings = {
				ALWAYS_EMBED_SWIFT_STANDARD_LIBRARIES = YES;
				CODE_SIGN_STYLE = Automatic;
				CURRENT_PROJECT_VERSION = 1;
				DEVELOPMENT_TEAM = ULTX435EY4;
				GENERATE_INFOPLIST_FILE = YES;
				IPHONEOS_DEPLOYMENT_TARGET = 17.0;
				MACOSX_DEPLOYMENT_TARGET = 13.6;
				MARKETING_VERSION = 1.0;
				PRODUCT_BUNDLE_IDENTIFIER = com.tca.repro.NavStackReproductionUITests;
				PRODUCT_NAME = "$(TARGET_NAME)";
				SDKROOT = auto;
				SUPPORTED_PLATFORMS = "iphoneos iphonesimulator macosx";
				SWIFT_EMIT_LOC_STRINGS = NO;
				SWIFT_VERSION = 5.0;
				TARGETED_DEVICE_FAMILY = "1,2";
				TEST_TARGET_NAME = NavStackReproduction;
			};
			name = Release;
		};
/* End XCBuildConfiguration section */

/* Begin XCConfigurationList section */
		65432E522BB7DB870014C856 /* Build configuration list for PBXProject "NavStackReproduction" */ = {
			isa = XCConfigurationList;
			buildConfigurations = (
				65432E7A2BB7DB890014C856 /* Debug */,
				65432E7B2BB7DB890014C856 /* Release */,
			);
			defaultConfigurationIsVisible = 0;
			defaultConfigurationName = Release;
		};
		65432E7C2BB7DB890014C856 /* Build configuration list for PBXNativeTarget "NavStackReproduction" */ = {
			isa = XCConfigurationList;
			buildConfigurations = (
				65432E7D2BB7DB890014C856 /* Debug */,
				65432E7E2BB7DB890014C856 /* Release */,
			);
			defaultConfigurationIsVisible = 0;
			defaultConfigurationName = Release;
		};
		65432E7F2BB7DB890014C856 /* Build configuration list for PBXNativeTarget "NavStackReproductionTests" */ = {
			isa = XCConfigurationList;
			buildConfigurations = (
				65432E802BB7DB890014C856 /* Debug */,
				65432E812BB7DB890014C856 /* Release */,
			);
			defaultConfigurationIsVisible = 0;
			defaultConfigurationName = Release;
		};
		65432E822BB7DB890014C856 /* Build configuration list for PBXNativeTarget "NavStackReproductionUITests" */ = {
			isa = XCConfigurationList;
			buildConfigurations = (
				65432E832BB7DB890014C856 /* Debug */,
				65432E842BB7DB890014C856 /* Release */,
			);
			defaultConfigurationIsVisible = 0;
			defaultConfigurationName = Release;
		};
/* End XCConfigurationList section */

/* Begin XCRemoteSwiftPackageReference section */
		6591ECB22BB7DC0B002F3603 /* XCRemoteSwiftPackageReference "swift-composable-architecture" */ = {
			isa = XCRemoteSwiftPackageReference;
			repositoryURL = "https://github.com/pointfreeco/swift-composable-architecture";
			requirement = {
				kind = upToNextMajorVersion;
				minimumVersion = 1.9.2;
			};
		};
/* End XCRemoteSwiftPackageReference section */

/* Begin XCSwiftPackageProductDependency section */
		6591ECB32BB7DC0B002F3603 /* ComposableArchitecture */ = {
			isa = XCSwiftPackageProductDependency;
			package = 6591ECB22BB7DC0B002F3603 /* XCRemoteSwiftPackageReference "swift-composable-architecture" */;
			productName = ComposableArchitecture;
		};
/* End XCSwiftPackageProductDependency section */
	};
	rootObject = 65432E4F2BB7DB870014C856 /* Project object */;
}
